
Microsoft Visual Studio Solution File, Format Version 12.00
# Visual Studio 2013
VisualStudioVersion = 12.0.40629.0
MinimumVisualStudioVersion = 10.0.40219.1
Project("{FAE04EC0-301F-11D3-BF4B-00C04F79EFBC}") = "lab1_FormProperties", "lab1_FormProperties\lab1_FormProperties.csproj", "{3ACCED23-B5E5-4076-8D38-38116C196CED}"
EndProject
Global
	GlobalSection(SolutionConfigurationPlatforms) = preSolution
		Debug|Any CPU = Debug|Any CPU
		Release|Any CPU = Release|Any CPU
	EndGlobalSection
	GlobalSection(ProjectConfigurationPlatforms) = postSolution
		{3ACCED23-B5E5-4076-8D38-38116C196CED}.Debug|Any CPU.ActiveCfg = Debug|Any CPU
		{3ACCED23-B5E5-4076-8D38-38116C196CED}.Debug|Any CPU.Build.0 = Debug|Any CPU
		{3ACCED23-B5E5-4076-8D38-38116C196CED}.Release|Any CPU.ActiveCfg = Release|Any CPU
		{3ACCED23-B5E5-4076-8D38-38116C196CED}.Release|Any CPU.Build.0 = Release|Any CPU
	EndGlobalSection
	GlobalSection(SolutionProperties) = preSolution
		HideSolutionNode = FALSE
	EndGlobalSection
EndGlobal
